{
  "version": 4,
  "terraform_version": "1.7.1",
  "serial": 17,
  "lineage": "bf15602e-b69a-45ff-6bc5-31bfe7ff159c",
  "outputs": {},
  "resources": [
    {
      "mode": "managed",
      "type": "confluent_api_key",
      "name": "emp-consumer-rbac-api-key-rbac",
      "provider": "provider[\"registry.terraform.io/confluentinc/confluent\"]",
      "instances": [
        {
          "schema_version": 0,
          "attributes": {
            "description": "Kafka API Key owned by the 'emp-consumer-rbac' service account",
            "disable_wait_for_ready": false,
            "display_name": "emp-consumer-rbac-api-key-rbac",
            "id": "FAOB7FAIAGYQTDS3",
            "managed_resource": [
              {
                "api_version": "cmk/v2",
                "environment": [
                  {
                    "id": "env-xr3nkz"
                  }
                ],
                "id": "lkc-rjvpw7",
                "kind": "Cluster"
              }
            ],
            "owner": [
              {
                "api_version": "iam/v2",
                "id": "sa-mgzn0q",
                "kind": "ServiceAccount"
              }
            ],
            "secret": "le3gD3HnNb2Nw2RXLs1n1C0w4+hBTBzUQ9IRNUZGbaLCQOj4vJVWZUb5qlFHuN9P"
          },
          "sensitive_attributes": [],
          "private": "bnVsbA==",
          "dependencies": [
            "confluent_environment.terraform_rbac",
            "confluent_kafka_cluster.standard",
            "confluent_service_account.emp-consumer-rbac"
          ]
        }
      ]
    },
    {
      "mode": "managed",
      "type": "confluent_api_key",
      "name": "emp-producer-rbac-api-key-rbac",
      "provider": "provider[\"registry.terraform.io/confluentinc/confluent\"]",
      "instances": [
        {
          "schema_version": 0,
          "attributes": {
            "description": "Kafka API Key owned by 'employee producer' service account",
            "disable_wait_for_ready": false,
            "display_name": "emp-producer-rbac-api-key-rbac",
            "id": "FGLMMRFJXEA45IBO",
            "managed_resource": [
              {
                "api_version": "cmk/v2",
                "environment": [
                  {
                    "id": "env-xr3nkz"
                  }
                ],
                "id": "lkc-rjvpw7",
                "kind": "Cluster"
              }
            ],
            "owner": [
              {
                "api_version": "iam/v2",
                "id": "sa-yw65vp",
                "kind": "ServiceAccount"
              }
            ],
            "secret": "8jsX0zSH8bR5Zj2sO19zoefehMMjBD7UEOJ5RWLuRxf94tMKJXQO5G0hRKx8HjiF"
          },
          "sensitive_attributes": [],
          "private": "bnVsbA==",
          "dependencies": [
            "confluent_environment.terraform_rbac",
            "confluent_kafka_cluster.standard",
            "confluent_service_account.emp-producer-rbac"
          ]
        }
      ]
    },
    {
      "mode": "managed",
      "type": "confluent_api_key",
      "name": "manager-rbac-api-key",
      "provider": "provider[\"registry.terraform.io/confluentinc/confluent\"]",
      "instances": [
        {
          "schema_version": 0,
          "attributes": {
            "description": "Kafka API Key that is owned by 'manager-rbac' service account",
            "disable_wait_for_ready": false,
            "display_name": "manager-rbac-api-key",
            "id": "VMBKCFZ4MAWNAK3H",
            "managed_resource": [
              {
                "api_version": "cmk/v2",
                "environment": [
                  {
                    "id": "env-xr3nkz"
                  }
                ],
                "id": "lkc-rjvpw7",
                "kind": "Cluster"
              }
            ],
            "owner": [
              {
                "api_version": "iam/v2",
                "id": "sa-ww20gg",
                "kind": "ServiceAccount"
              }
            ],
            "secret": "ZhaOcPRbVb2l//uSDA7wSNFU8R3epg9Wvw4c8u1US/nOCqiCnZwGKOfzurvVBZjC"
          },
          "sensitive_attributes": [],
          "private": "bnVsbA==",
          "dependencies": [
            "confluent_environment.terraform_rbac",
            "confluent_kafka_cluster.standard",
            "confluent_role_binding.kafka-cluster-admin-rbac",
            "confluent_service_account.manager-rbac"
          ]
        }
      ]
    },
    {
      "mode": "managed",
      "type": "confluent_environment",
      "name": "terraform_rbac",
      "provider": "provider[\"registry.terraform.io/confluentinc/confluent\"]",
      "instances": [
        {
          "schema_version": 0,
          "attributes": {
            "display_name": "Terraform_rbac",
            "id": "env-xr3nkz",
            "resource_name": "crn://confluent.cloud/organization=fcb0ba90-1e7e-44d8-bf9e-753d1b929716/environment=env-xr3nkz"
          },
          "sensitive_attributes": [],
          "private": "bnVsbA=="
        }
      ]
    },
    {
      "mode": "managed",
      "type": "confluent_kafka_cluster",
      "name": "standard",
      "provider": "provider[\"registry.terraform.io/confluentinc/confluent\"]",
      "instances": [
        {
          "schema_version": 1,
          "attributes": {
            "api_version": "cmk/v2",
            "availability": "SINGLE_ZONE",
            "basic": [],
            "bootstrap_endpoint": "SASL_SSL://pkc-921jm.us-east-2.aws.confluent.cloud:9092",
            "byok_key": [
              {
                "id": ""
              }
            ],
            "cloud": "AWS",
            "dedicated": [],
            "display_name": "Kafka_terraform_rbac_cluster",
            "enterprise": [],
            "environment": [
              {
                "id": "env-xr3nkz"
              }
            ],
            "id": "lkc-rjvpw7",
            "kind": "Cluster",
            "network": [
              {
                "id": ""
              }
            ],
            "rbac_crn": "crn://confluent.cloud/organization=fcb0ba90-1e7e-44d8-bf9e-753d1b929716/environment=env-xr3nkz/cloud-cluster=lkc-rjvpw7",
            "region": "us-east-2",
            "rest_endpoint": "https://pkc-921jm.us-east-2.aws.confluent.cloud:443",
            "standard": [
              {}
            ],
            "timeouts": null
          },
          "sensitive_attributes": [],
          "private": "eyJlMmJmYjczMC1lY2FhLTExZTYtOGY4OC0zNDM2M2JjN2M0YzAiOnsiY3JlYXRlIjoyNTkyMDAwMDAwMDAwMDAsInVwZGF0ZSI6MjU5MjAwMDAwMDAwMDAwfSwic2NoZW1hX3ZlcnNpb24iOiIxIn0=",
          "dependencies": [
            "confluent_environment.terraform_rbac"
          ]
        }
      ]
    },
    {
      "mode": "managed",
      "type": "confluent_kafka_topic",
      "name": "test_rbac",
      "provider": "provider[\"registry.terraform.io/confluentinc/confluent\"]",
      "instances": [
        {
          "schema_version": 2,
          "attributes": {
            "config": {},
            "credentials": [
              {
                "key": "VMBKCFZ4MAWNAK3H",
                "secret": "ZhaOcPRbVb2l//uSDA7wSNFU8R3epg9Wvw4c8u1US/nOCqiCnZwGKOfzurvVBZjC"
              }
            ],
            "id": "lkc-rjvpw7/employees",
            "kafka_cluster": [
              {
                "id": "lkc-rjvpw7"
              }
            ],
            "partitions_count": 6,
            "rest_endpoint": "https://pkc-921jm.us-east-2.aws.confluent.cloud:443",
            "topic_name": "employees"
          },
          "sensitive_attributes": [
            [
              {
                "type": "get_attr",
                "value": "credentials"
              },
              {
                "type": "index",
                "value": {
                  "value": 0,
                  "type": "number"
                }
              },
              {
                "type": "get_attr",
                "value": "secret"
              }
            ]
          ],
          "private": "eyJzY2hlbWFfdmVyc2lvbiI6IjIifQ==",
          "dependencies": [
            "confluent_api_key.manager-rbac-api-key",
            "confluent_environment.terraform_rbac",
            "confluent_kafka_cluster.standard",
            "confluent_role_binding.kafka-cluster-admin-rbac",
            "confluent_service_account.manager-rbac"
          ]
        }
      ]
    },
    {
      "mode": "managed",
      "type": "confluent_role_binding",
      "name": "emp-consumer-group-developer-read",
      "provider": "provider[\"registry.terraform.io/confluentinc/confluent\"]",
      "instances": [
        {
          "schema_version": 0,
          "attributes": {
            "crn_pattern": "crn://confluent.cloud/organization=fcb0ba90-1e7e-44d8-bf9e-753d1b929716/environment=env-xr3nkz/cloud-cluster=lkc-rjvpw7/kafka=lkc-rjvpw7/group=confluent_cli_consumer",
            "id": "rb-X2GdWQ",
            "principal": "User:sa-mgzn0q",
            "role_name": "DeveloperRead"
          },
          "sensitive_attributes": [],
          "private": "bnVsbA==",
          "dependencies": [
            "confluent_environment.terraform_rbac",
            "confluent_kafka_cluster.standard",
            "confluent_service_account.emp-consumer-rbac"
          ]
        }
      ]
    },
    {
      "mode": "managed",
      "type": "confluent_role_binding",
      "name": "emp-consumer-read-topic",
      "provider": "provider[\"registry.terraform.io/confluentinc/confluent\"]",
      "instances": [
        {
          "schema_version": 0,
          "attributes": {
            "crn_pattern": "crn://confluent.cloud/organization=fcb0ba90-1e7e-44d8-bf9e-753d1b929716/environment=env-xr3nkz/cloud-cluster=lkc-rjvpw7/kafka=lkc-rjvpw7/topic=employees",
            "id": "rb-23BOL5",
            "principal": "User:sa-mgzn0q",
            "role_name": "DeveloperRead"
          },
          "sensitive_attributes": [],
          "private": "bnVsbA==",
          "dependencies": [
            "confluent_api_key.manager-rbac-api-key",
            "confluent_environment.terraform_rbac",
            "confluent_kafka_cluster.standard",
            "confluent_kafka_topic.test_rbac",
            "confluent_role_binding.kafka-cluster-admin-rbac",
            "confluent_service_account.emp-consumer-rbac",
            "confluent_service_account.manager-rbac"
          ]
        }
      ]
    },
    {
      "mode": "managed",
      "type": "confluent_role_binding",
      "name": "emp-producer-developer-write",
      "provider": "provider[\"registry.terraform.io/confluentinc/confluent\"]",
      "instances": [
        {
          "schema_version": 0,
          "attributes": {
            "crn_pattern": "crn://confluent.cloud/organization=fcb0ba90-1e7e-44d8-bf9e-753d1b929716/environment=env-xr3nkz/cloud-cluster=lkc-rjvpw7/kafka=lkc-rjvpw7/topic=employees",
            "id": "rb-lj9wg3",
            "principal": "User:sa-yw65vp",
            "role_name": "DeveloperWrite"
          },
          "sensitive_attributes": [],
          "private": "bnVsbA==",
          "dependencies": [
            "confluent_api_key.manager-rbac-api-key",
            "confluent_environment.terraform_rbac",
            "confluent_kafka_cluster.standard",
            "confluent_kafka_topic.test_rbac",
            "confluent_role_binding.kafka-cluster-admin-rbac",
            "confluent_service_account.emp-producer-rbac",
            "confluent_service_account.manager-rbac"
          ]
        }
      ]
    },
    {
      "mode": "managed",
      "type": "confluent_role_binding",
      "name": "kafka-cluster-admin-rbac",
      "provider": "provider[\"registry.terraform.io/confluentinc/confluent\"]",
      "instances": [
        {
          "schema_version": 0,
          "attributes": {
            "crn_pattern": "crn://confluent.cloud/organization=fcb0ba90-1e7e-44d8-bf9e-753d1b929716/environment=env-xr3nkz/cloud-cluster=lkc-rjvpw7",
            "id": "rb-YX6Dg7",
            "principal": "User:sa-ww20gg",
            "role_name": "CloudClusterAdmin"
          },
          "sensitive_attributes": [],
          "private": "bnVsbA==",
          "dependencies": [
            "confluent_environment.terraform_rbac",
            "confluent_kafka_cluster.standard",
            "confluent_service_account.manager-rbac"
          ]
        }
      ]
    },
    {
      "mode": "managed",
      "type": "confluent_service_account",
      "name": "emp-consumer-rbac",
      "provider": "provider[\"registry.terraform.io/confluentinc/confluent\"]",
      "instances": [
        {
          "schema_version": 0,
          "attributes": {
            "api_version": "iam/v2",
            "description": "Service account to consumer the 'employees' topic",
            "display_name": "emp-consumer",
            "id": "sa-mgzn0q",
            "kind": "ServiceAccount"
          },
          "sensitive_attributes": [],
          "private": "bnVsbA=="
        }
      ]
    },
    {
      "mode": "managed",
      "type": "confluent_service_account",
      "name": "emp-producer-rbac",
      "provider": "provider[\"registry.terraform.io/confluentinc/confluent\"]",
      "instances": [
        {
          "schema_version": 0,
          "attributes": {
            "api_version": "iam/v2",
            "description": "Service account to produce to 'employees' topic",
            "display_name": "emp_producer",
            "id": "sa-yw65vp",
            "kind": "ServiceAccount"
          },
          "sensitive_attributes": [],
          "private": "bnVsbA=="
        }
      ]
    },
    {
      "mode": "managed",
      "type": "confluent_service_account",
      "name": "manager-rbac",
      "provider": "provider[\"registry.terraform.io/confluentinc/confluent\"]",
      "instances": [
        {
          "schema_version": 0,
          "attributes": {
            "api_version": "iam/v2",
            "description": "Service account to manage the 'Kafka_terraform_rbac_cluster' kafka cluster",
            "display_name": "emp_manager",
            "id": "sa-ww20gg",
            "kind": "ServiceAccount"
          },
          "sensitive_attributes": [],
          "private": "bnVsbA=="
        }
      ]
    }
  ],
  "check_results": null
}
