{
  "version": 4,
  "terraform_version": "1.7.1",
  "serial": 137,
  "lineage": "54fa3dfb-351d-7640-8884-75c902bf37c3",
  "outputs": {},
  "resources": [
    {
      "mode": "managed",
      "type": "confluent_api_key",
      "name": "emp-consumer-api-key",
      "provider": "provider[\"registry.terraform.io/confluentinc/confluent\"]",
      "instances": [
        {
          "schema_version": 0,
          "attributes": {
            "description": "Kafka API Key owned by the 'emp-consumer' service account",
            "disable_wait_for_ready": false,
            "display_name": "emp-consumer-api-key",
            "id": "Q3UEXLMF4E2PDJKH",
            "managed_resource": [
              {
                "api_version": "cmk/v2",
                "environment": [
                  {
                    "id": "env-ygn1jo"
                  }
                ],
                "id": "lkc-qpzggp",
                "kind": "Cluster"
              }
            ],
            "owner": [
              {
                "api_version": "iam/v2",
                "id": "sa-j79gd2",
                "kind": "ServiceAccount"
              }
            ],
            "secret": "Sy67YWUWJSbB/efuhKF3xGbjobK7mQZ9Tgoe/FyvtRtUdMNGQCtqy3+1+TYMnl0I"
          },
          "sensitive_attributes": [],
          "private": "bnVsbA==",
          "dependencies": [
            "confluent_environment.terraform",
            "confluent_kafka_cluster.basic",
            "confluent_service_account.emp-consumer"
          ]
        }
      ]
    },
    {
      "mode": "managed",
      "type": "confluent_api_key",
      "name": "emp-producer-api-key",
      "provider": "provider[\"registry.terraform.io/confluentinc/confluent\"]",
      "instances": [
        {
          "schema_version": 0,
          "attributes": {
            "description": "Kafka API Key owned by 'employee producer' service account",
            "disable_wait_for_ready": false,
            "display_name": "emp-producer-api-key",
            "id": "XS5U4GEG75ZGO24C",
            "managed_resource": [
              {
                "api_version": "cmk/v2",
                "environment": [
                  {
                    "id": "env-ygn1jo"
                  }
                ],
                "id": "lkc-qpzggp",
                "kind": "Cluster"
              }
            ],
            "owner": [
              {
                "api_version": "iam/v2",
                "id": "sa-261doq",
                "kind": "ServiceAccount"
              }
            ],
            "secret": "tAUVVHTnu7BV4rGKNwuXQI35JXbWBuC1Da7FVwm0nTA3OERtsckPHoQWPuhlo/O8"
          },
          "sensitive_attributes": [],
          "private": "bnVsbA==",
          "dependencies": [
            "confluent_environment.terraform",
            "confluent_kafka_cluster.basic",
            "confluent_service_account.emp-producer"
          ]
        }
      ]
    },
    {
      "mode": "managed",
      "type": "confluent_api_key",
      "name": "manager-api-key",
      "provider": "provider[\"registry.terraform.io/confluentinc/confluent\"]",
      "instances": [
        {
          "schema_version": 0,
          "attributes": {
            "description": "Kafka API Key that is owned by 'manager' service account",
            "disable_wait_for_ready": false,
            "display_name": "manager-api-key",
            "id": "L4ZH5H6QAIKVPMV2",
            "managed_resource": [
              {
                "api_version": "cmk/v2",
                "environment": [
                  {
                    "id": "env-ygn1jo"
                  }
                ],
                "id": "lkc-qpzggp",
                "kind": "Cluster"
              }
            ],
            "owner": [
              {
                "api_version": "iam/v2",
                "id": "sa-rwj131",
                "kind": "ServiceAccount"
              }
            ],
            "secret": "nt5m4mYprRJrdSrOARtrkr2VgMud8gu55kb+3XacaW9WlJNFeLA7bwdLIsohF7QJ"
          },
          "sensitive_attributes": [],
          "private": "bnVsbA==",
          "dependencies": [
            "confluent_environment.terraform",
            "confluent_kafka_cluster.basic",
            "confluent_role_binding.kafka-cluster-admin",
            "confluent_service_account.manager"
          ]
        }
      ]
    },
    {
      "mode": "managed",
      "type": "confluent_environment",
      "name": "terraform",
      "provider": "provider[\"registry.terraform.io/confluentinc/confluent\"]",
      "instances": [
        {
          "schema_version": 0,
          "attributes": {
            "display_name": "Terraform",
            "id": "env-ygn1jo",
            "resource_name": "crn://confluent.cloud/organization=fcb0ba90-1e7e-44d8-bf9e-753d1b929716/environment=env-ygn1jo"
          },
          "sensitive_attributes": [],
          "private": "bnVsbA=="
        }
      ]
    },
    {
      "mode": "managed",
      "type": "confluent_kafka_acl",
      "name": "emp-cluster_action-cluster",
      "provider": "provider[\"registry.terraform.io/confluentinc/confluent\"]",
      "instances": [
        {
          "schema_version": 2,
          "attributes": {
            "credentials": [
              {
                "key": "L4ZH5H6QAIKVPMV2",
                "secret": "nt5m4mYprRJrdSrOARtrkr2VgMud8gu55kb+3XacaW9WlJNFeLA7bwdLIsohF7QJ"
              }
            ],
            "host": "*",
            "id": "lkc-qpzggp/CLUSTER#kafka-cluster#LITERAL#User:sa-rwj131#*#CLUSTER_ACTION#ALLOW",
            "kafka_cluster": [
              {
                "id": "lkc-qpzggp"
              }
            ],
            "operation": "CLUSTER_ACTION",
            "pattern_type": "LITERAL",
            "permission": "ALLOW",
            "principal": "User:sa-rwj131",
            "resource_name": "kafka-cluster",
            "resource_type": "CLUSTER",
            "rest_endpoint": "https://pkc-921jm.us-east-2.aws.confluent.cloud:443"
          },
          "sensitive_attributes": [
            [
              {
                "type": "get_attr",
                "value": "credentials"
              },
              {
                "type": "index",
                "value": {
                  "value": 0,
                  "type": "number"
                }
              },
              {
                "type": "get_attr",
                "value": "secret"
              }
            ]
          ],
          "private": "eyJzY2hlbWFfdmVyc2lvbiI6IjIifQ==",
          "dependencies": [
            "confluent_api_key.manager-api-key",
            "confluent_environment.terraform",
            "confluent_kafka_cluster.basic",
            "confluent_role_binding.kafka-cluster-admin",
            "confluent_service_account.manager"
          ]
        }
      ]
    },
    {
      "mode": "managed",
      "type": "confluent_kafka_acl",
      "name": "emp-consumer-group-delete",
      "provider": "provider[\"registry.terraform.io/confluentinc/confluent\"]",
      "instances": [
        {
          "schema_version": 2,
          "attributes": {
            "credentials": [
              {
                "key": "L4ZH5H6QAIKVPMV2",
                "secret": "nt5m4mYprRJrdSrOARtrkr2VgMud8gu55kb+3XacaW9WlJNFeLA7bwdLIsohF7QJ"
              }
            ],
            "host": "*",
            "id": "lkc-qpzggp/GROUP#confluent_cli_consumer_#LITERAL#User:sa-j79gd2#*#DELETE#DENY",
            "kafka_cluster": [
              {
                "id": "lkc-qpzggp"
              }
            ],
            "operation": "DELETE",
            "pattern_type": "LITERAL",
            "permission": "DENY",
            "principal": "User:sa-j79gd2",
            "resource_name": "confluent_cli_consumer_",
            "resource_type": "GROUP",
            "rest_endpoint": "https://pkc-921jm.us-east-2.aws.confluent.cloud:443"
          },
          "sensitive_attributes": [
            [
              {
                "type": "get_attr",
                "value": "credentials"
              },
              {
                "type": "index",
                "value": {
                  "value": 0,
                  "type": "number"
                }
              },
              {
                "type": "get_attr",
                "value": "secret"
              }
            ]
          ],
          "private": "eyJzY2hlbWFfdmVyc2lvbiI6IjIifQ==",
          "dependencies": [
            "confluent_api_key.manager-api-key",
            "confluent_environment.terraform",
            "confluent_kafka_cluster.basic",
            "confluent_role_binding.kafka-cluster-admin",
            "confluent_service_account.emp-consumer",
            "confluent_service_account.manager"
          ]
        }
      ]
    },
    {
      "mode": "managed",
      "type": "confluent_kafka_acl",
      "name": "emp-consumer-group-describe",
      "provider": "provider[\"registry.terraform.io/confluentinc/confluent\"]",
      "instances": [
        {
          "schema_version": 2,
          "attributes": {
            "credentials": [
              {
                "key": "L4ZH5H6QAIKVPMV2",
                "secret": "nt5m4mYprRJrdSrOARtrkr2VgMud8gu55kb+3XacaW9WlJNFeLA7bwdLIsohF7QJ"
              }
            ],
            "host": "*",
            "id": "lkc-qpzggp/GROUP#confluent_cli_consumer_#LITERAL#User:sa-j79gd2#*#DESCRIBE#ALLOW",
            "kafka_cluster": [
              {
                "id": "lkc-qpzggp"
              }
            ],
            "operation": "DESCRIBE",
            "pattern_type": "LITERAL",
            "permission": "ALLOW",
            "principal": "User:sa-j79gd2",
            "resource_name": "confluent_cli_consumer_",
            "resource_type": "GROUP",
            "rest_endpoint": "https://pkc-921jm.us-east-2.aws.confluent.cloud:443"
          },
          "sensitive_attributes": [
            [
              {
                "type": "get_attr",
                "value": "credentials"
              },
              {
                "type": "index",
                "value": {
                  "value": 0,
                  "type": "number"
                }
              },
              {
                "type": "get_attr",
                "value": "secret"
              }
            ]
          ],
          "private": "eyJzY2hlbWFfdmVyc2lvbiI6IjIifQ==",
          "dependencies": [
            "confluent_api_key.manager-api-key",
            "confluent_environment.terraform",
            "confluent_kafka_cluster.basic",
            "confluent_role_binding.kafka-cluster-admin",
            "confluent_service_account.emp-consumer",
            "confluent_service_account.manager"
          ]
        }
      ]
    },
    {
      "mode": "managed",
      "type": "confluent_kafka_acl",
      "name": "emp-consumer-group-read",
      "provider": "provider[\"registry.terraform.io/confluentinc/confluent\"]",
      "instances": [
        {
          "schema_version": 2,
          "attributes": {
            "credentials": [
              {
                "key": "L4ZH5H6QAIKVPMV2",
                "secret": "nt5m4mYprRJrdSrOARtrkr2VgMud8gu55kb+3XacaW9WlJNFeLA7bwdLIsohF7QJ"
              }
            ],
            "host": "*",
            "id": "lkc-qpzggp/GROUP#confluent_cli_consumer_#LITERAL#User:sa-j79gd2#*#READ#DENY",
            "kafka_cluster": [
              {
                "id": "lkc-qpzggp"
              }
            ],
            "operation": "READ",
            "pattern_type": "LITERAL",
            "permission": "DENY",
            "principal": "User:sa-j79gd2",
            "resource_name": "confluent_cli_consumer_",
            "resource_type": "GROUP",
            "rest_endpoint": "https://pkc-921jm.us-east-2.aws.confluent.cloud:443"
          },
          "sensitive_attributes": [
            [
              {
                "type": "get_attr",
                "value": "credentials"
              },
              {
                "type": "index",
                "value": {
                  "value": 0,
                  "type": "number"
                }
              },
              {
                "type": "get_attr",
                "value": "secret"
              }
            ]
          ],
          "private": "eyJzY2hlbWFfdmVyc2lvbiI6IjIifQ==",
          "dependencies": [
            "confluent_api_key.manager-api-key",
            "confluent_environment.terraform",
            "confluent_kafka_cluster.basic",
            "confluent_role_binding.kafka-cluster-admin",
            "confluent_service_account.emp-consumer",
            "confluent_service_account.manager"
          ]
        }
      ]
    },
    {
      "mode": "managed",
      "type": "confluent_kafka_acl",
      "name": "emp-consumer-read-on-topic",
      "provider": "provider[\"registry.terraform.io/confluentinc/confluent\"]",
      "instances": [
        {
          "schema_version": 2,
          "attributes": {
            "credentials": [
              {
                "key": "L4ZH5H6QAIKVPMV2",
                "secret": "nt5m4mYprRJrdSrOARtrkr2VgMud8gu55kb+3XacaW9WlJNFeLA7bwdLIsohF7QJ"
              }
            ],
            "host": "*",
            "id": "lkc-qpzggp/TOPIC#emp_test#LITERAL#User:sa-j79gd2#*#READ#DENY",
            "kafka_cluster": [
              {
                "id": "lkc-qpzggp"
              }
            ],
            "operation": "READ",
            "pattern_type": "LITERAL",
            "permission": "DENY",
            "principal": "User:sa-j79gd2",
            "resource_name": "emp_test",
            "resource_type": "TOPIC",
            "rest_endpoint": "https://pkc-921jm.us-east-2.aws.confluent.cloud:443"
          },
          "sensitive_attributes": [
            [
              {
                "type": "get_attr",
                "value": "credentials"
              },
              {
                "type": "index",
                "value": {
                  "value": 0,
                  "type": "number"
                }
              },
              {
                "type": "get_attr",
                "value": "secret"
              }
            ]
          ],
          "private": "eyJzY2hlbWFfdmVyc2lvbiI6IjIifQ==",
          "dependencies": [
            "confluent_api_key.manager-api-key",
            "confluent_environment.terraform",
            "confluent_kafka_cluster.basic",
            "confluent_kafka_topic.test",
            "confluent_role_binding.kafka-cluster-admin",
            "confluent_service_account.emp-consumer",
            "confluent_service_account.manager"
          ]
        }
      ]
    },
    {
      "mode": "managed",
      "type": "confluent_kafka_acl",
      "name": "emp-create-cluster",
      "provider": "provider[\"registry.terraform.io/confluentinc/confluent\"]",
      "instances": [
        {
          "schema_version": 2,
          "attributes": {
            "credentials": [
              {
                "key": "L4ZH5H6QAIKVPMV2",
                "secret": "nt5m4mYprRJrdSrOARtrkr2VgMud8gu55kb+3XacaW9WlJNFeLA7bwdLIsohF7QJ"
              }
            ],
            "host": "*",
            "id": "lkc-qpzggp/CLUSTER#kafka-cluster#LITERAL#User:sa-rwj131#*#CREATE#ALLOW",
            "kafka_cluster": [
              {
                "id": "lkc-qpzggp"
              }
            ],
            "operation": "CREATE",
            "pattern_type": "LITERAL",
            "permission": "ALLOW",
            "principal": "User:sa-rwj131",
            "resource_name": "kafka-cluster",
            "resource_type": "CLUSTER",
            "rest_endpoint": "https://pkc-921jm.us-east-2.aws.confluent.cloud:443"
          },
          "sensitive_attributes": [
            [
              {
                "type": "get_attr",
                "value": "credentials"
              },
              {
                "type": "index",
                "value": {
                  "value": 0,
                  "type": "number"
                }
              },
              {
                "type": "get_attr",
                "value": "secret"
              }
            ]
          ],
          "private": "eyJzY2hlbWFfdmVyc2lvbiI6IjIifQ==",
          "dependencies": [
            "confluent_api_key.manager-api-key",
            "confluent_environment.terraform",
            "confluent_kafka_cluster.basic",
            "confluent_role_binding.kafka-cluster-admin",
            "confluent_service_account.manager"
          ]
        }
      ]
    },
    {
      "mode": "managed",
      "type": "confluent_kafka_acl",
      "name": "emp-describe-cluster",
      "provider": "provider[\"registry.terraform.io/confluentinc/confluent\"]",
      "instances": [
        {
          "schema_version": 2,
          "attributes": {
            "credentials": [
              {
                "key": "L4ZH5H6QAIKVPMV2",
                "secret": "nt5m4mYprRJrdSrOARtrkr2VgMud8gu55kb+3XacaW9WlJNFeLA7bwdLIsohF7QJ"
              }
            ],
            "host": "*",
            "id": "lkc-qpzggp/CLUSTER#kafka-cluster#LITERAL#User:sa-rwj131#*#DESCRIBE#ALLOW",
            "kafka_cluster": [
              {
                "id": "lkc-qpzggp"
              }
            ],
            "operation": "DESCRIBE",
            "pattern_type": "LITERAL",
            "permission": "ALLOW",
            "principal": "User:sa-rwj131",
            "resource_name": "kafka-cluster",
            "resource_type": "CLUSTER",
            "rest_endpoint": "https://pkc-921jm.us-east-2.aws.confluent.cloud:443"
          },
          "sensitive_attributes": [
            [
              {
                "type": "get_attr",
                "value": "credentials"
              },
              {
                "type": "index",
                "value": {
                  "value": 0,
                  "type": "number"
                }
              },
              {
                "type": "get_attr",
                "value": "secret"
              }
            ]
          ],
          "private": "eyJzY2hlbWFfdmVyc2lvbiI6IjIifQ==",
          "dependencies": [
            "confluent_api_key.manager-api-key",
            "confluent_environment.terraform",
            "confluent_kafka_cluster.basic",
            "confluent_role_binding.kafka-cluster-admin",
            "confluent_service_account.manager"
          ]
        }
      ]
    },
    {
      "mode": "managed",
      "type": "confluent_kafka_acl",
      "name": "emp-describe-topic",
      "provider": "provider[\"registry.terraform.io/confluentinc/confluent\"]",
      "instances": [
        {
          "schema_version": 2,
          "attributes": {
            "credentials": [
              {
                "key": "L4ZH5H6QAIKVPMV2",
                "secret": "nt5m4mYprRJrdSrOARtrkr2VgMud8gu55kb+3XacaW9WlJNFeLA7bwdLIsohF7QJ"
              }
            ],
            "host": "*",
            "id": "lkc-qpzggp/TOPIC#emp_test#LITERAL#User:sa-261doq#*#DESCRIBE#ALLOW",
            "kafka_cluster": [
              {
                "id": "lkc-qpzggp"
              }
            ],
            "operation": "DESCRIBE",
            "pattern_type": "LITERAL",
            "permission": "ALLOW",
            "principal": "User:sa-261doq",
            "resource_name": "emp_test",
            "resource_type": "TOPIC",
            "rest_endpoint": "https://pkc-921jm.us-east-2.aws.confluent.cloud:443"
          },
          "sensitive_attributes": [
            [
              {
                "type": "get_attr",
                "value": "credentials"
              },
              {
                "type": "index",
                "value": {
                  "value": 0,
                  "type": "number"
                }
              },
              {
                "type": "get_attr",
                "value": "secret"
              }
            ]
          ],
          "private": "eyJzY2hlbWFfdmVyc2lvbiI6IjIifQ==",
          "dependencies": [
            "confluent_api_key.manager-api-key",
            "confluent_environment.terraform",
            "confluent_kafka_cluster.basic",
            "confluent_kafka_topic.test",
            "confluent_role_binding.kafka-cluster-admin",
            "confluent_service_account.emp-producer",
            "confluent_service_account.manager"
          ]
        }
      ]
    },
    {
      "mode": "managed",
      "type": "confluent_kafka_acl",
      "name": "emp-idempotent-write-cluster",
      "provider": "provider[\"registry.terraform.io/confluentinc/confluent\"]",
      "instances": [
        {
          "schema_version": 2,
          "attributes": {
            "credentials": [
              {
                "key": "L4ZH5H6QAIKVPMV2",
                "secret": "nt5m4mYprRJrdSrOARtrkr2VgMud8gu55kb+3XacaW9WlJNFeLA7bwdLIsohF7QJ"
              }
            ],
            "host": "*",
            "id": "lkc-qpzggp/CLUSTER#kafka-cluster#LITERAL#User:sa-rwj131#*#IDEMPOTENT_WRITE#ALLOW",
            "kafka_cluster": [
              {
                "id": "lkc-qpzggp"
              }
            ],
            "operation": "IDEMPOTENT_WRITE",
            "pattern_type": "LITERAL",
            "permission": "ALLOW",
            "principal": "User:sa-rwj131",
            "resource_name": "kafka-cluster",
            "resource_type": "CLUSTER",
            "rest_endpoint": "https://pkc-921jm.us-east-2.aws.confluent.cloud:443"
          },
          "sensitive_attributes": [
            [
              {
                "type": "get_attr",
                "value": "credentials"
              },
              {
                "type": "index",
                "value": {
                  "value": 0,
                  "type": "number"
                }
              },
              {
                "type": "get_attr",
                "value": "secret"
              }
            ]
          ],
          "private": "eyJzY2hlbWFfdmVyc2lvbiI6IjIifQ==",
          "dependencies": [
            "confluent_api_key.manager-api-key",
            "confluent_environment.terraform",
            "confluent_kafka_cluster.basic",
            "confluent_role_binding.kafka-cluster-admin",
            "confluent_service_account.manager"
          ]
        }
      ]
    },
    {
      "mode": "managed",
      "type": "confluent_kafka_acl",
      "name": "emp-producer-write-on-topic",
      "provider": "provider[\"registry.terraform.io/confluentinc/confluent\"]",
      "instances": [
        {
          "schema_version": 2,
          "attributes": {
            "credentials": [
              {
                "key": "L4ZH5H6QAIKVPMV2",
                "secret": "nt5m4mYprRJrdSrOARtrkr2VgMud8gu55kb+3XacaW9WlJNFeLA7bwdLIsohF7QJ"
              }
            ],
            "host": "*",
            "id": "lkc-qpzggp/TOPIC#emp_test#LITERAL#User:sa-261doq#*#WRITE#DENY",
            "kafka_cluster": [
              {
                "id": "lkc-qpzggp"
              }
            ],
            "operation": "WRITE",
            "pattern_type": "LITERAL",
            "permission": "DENY",
            "principal": "User:sa-261doq",
            "resource_name": "emp_test",
            "resource_type": "TOPIC",
            "rest_endpoint": "https://pkc-921jm.us-east-2.aws.confluent.cloud:443"
          },
          "sensitive_attributes": [
            [
              {
                "type": "get_attr",
                "value": "credentials"
              },
              {
                "type": "index",
                "value": {
                  "value": 0,
                  "type": "number"
                }
              },
              {
                "type": "get_attr",
                "value": "secret"
              }
            ]
          ],
          "private": "eyJzY2hlbWFfdmVyc2lvbiI6IjIifQ==",
          "dependencies": [
            "confluent_api_key.manager-api-key",
            "confluent_environment.terraform",
            "confluent_kafka_cluster.basic",
            "confluent_kafka_topic.test",
            "confluent_role_binding.kafka-cluster-admin",
            "confluent_service_account.emp-producer",
            "confluent_service_account.manager"
          ]
        }
      ]
    },
    {
      "mode": "managed",
      "type": "confluent_kafka_acl",
      "name": "emp-topic-delete",
      "provider": "provider[\"registry.terraform.io/confluentinc/confluent\"]",
      "instances": [
        {
          "schema_version": 2,
          "attributes": {
            "credentials": [
              {
                "key": "L4ZH5H6QAIKVPMV2",
                "secret": "nt5m4mYprRJrdSrOARtrkr2VgMud8gu55kb+3XacaW9WlJNFeLA7bwdLIsohF7QJ"
              }
            ],
            "host": "*",
            "id": "lkc-qpzggp/TOPIC#emp_test#LITERAL#User:sa-261doq#*#DELETE#DENY",
            "kafka_cluster": [
              {
                "id": "lkc-qpzggp"
              }
            ],
            "operation": "DELETE",
            "pattern_type": "LITERAL",
            "permission": "DENY",
            "principal": "User:sa-261doq",
            "resource_name": "emp_test",
            "resource_type": "TOPIC",
            "rest_endpoint": "https://pkc-921jm.us-east-2.aws.confluent.cloud:443"
          },
          "sensitive_attributes": [
            [
              {
                "type": "get_attr",
                "value": "credentials"
              },
              {
                "type": "index",
                "value": {
                  "value": 0,
                  "type": "number"
                }
              },
              {
                "type": "get_attr",
                "value": "secret"
              }
            ]
          ],
          "private": "eyJzY2hlbWFfdmVyc2lvbiI6IjIifQ==",
          "dependencies": [
            "confluent_api_key.manager-api-key",
            "confluent_environment.terraform",
            "confluent_kafka_cluster.basic",
            "confluent_kafka_topic.test",
            "confluent_role_binding.kafka-cluster-admin",
            "confluent_service_account.emp-producer",
            "confluent_service_account.manager"
          ]
        }
      ]
    },
    {
      "mode": "managed",
      "type": "confluent_kafka_cluster",
      "name": "basic",
      "provider": "provider[\"registry.terraform.io/confluentinc/confluent\"]",
      "instances": [
        {
          "schema_version": 1,
          "attributes": {
            "api_version": "cmk/v2",
            "availability": "SINGLE_ZONE",
            "basic": [
              {}
            ],
            "bootstrap_endpoint": "SASL_SSL://pkc-921jm.us-east-2.aws.confluent.cloud:9092",
            "byok_key": [
              {
                "id": ""
              }
            ],
            "cloud": "AWS",
            "dedicated": [],
            "display_name": "Kafka_terraform_cluster",
            "enterprise": [],
            "environment": [
              {
                "id": "env-ygn1jo"
              }
            ],
            "id": "lkc-qpzggp",
            "kind": "Cluster",
            "network": [
              {
                "id": ""
              }
            ],
            "rbac_crn": "crn://confluent.cloud/organization=fcb0ba90-1e7e-44d8-bf9e-753d1b929716/environment=env-ygn1jo/cloud-cluster=lkc-qpzggp",
            "region": "us-east-2",
            "rest_endpoint": "https://pkc-921jm.us-east-2.aws.confluent.cloud:443",
            "standard": [],
            "timeouts": null
          },
          "sensitive_attributes": [],
          "private": "eyJlMmJmYjczMC1lY2FhLTExZTYtOGY4OC0zNDM2M2JjN2M0YzAiOnsiY3JlYXRlIjoyNTkyMDAwMDAwMDAwMDAsInVwZGF0ZSI6MjU5MjAwMDAwMDAwMDAwfSwic2NoZW1hX3ZlcnNpb24iOiIxIn0=",
          "dependencies": [
            "confluent_environment.terraform"
          ]
        }
      ]
    },
    {
      "mode": "managed",
      "type": "confluent_kafka_topic",
      "name": "test",
      "provider": "provider[\"registry.terraform.io/confluentinc/confluent\"]",
      "instances": [
        {
          "schema_version": 2,
          "attributes": {
            "config": {},
            "credentials": [
              {
                "key": "L4ZH5H6QAIKVPMV2",
                "secret": "nt5m4mYprRJrdSrOARtrkr2VgMud8gu55kb+3XacaW9WlJNFeLA7bwdLIsohF7QJ"
              }
            ],
            "id": "lkc-qpzggp/emp_test",
            "kafka_cluster": [
              {
                "id": "lkc-qpzggp"
              }
            ],
            "partitions_count": 6,
            "rest_endpoint": "https://pkc-921jm.us-east-2.aws.confluent.cloud:443",
            "topic_name": "emp_test"
          },
          "sensitive_attributes": [
            [
              {
                "type": "get_attr",
                "value": "credentials"
              },
              {
                "type": "index",
                "value": {
                  "value": 0,
                  "type": "number"
                }
              },
              {
                "type": "get_attr",
                "value": "secret"
              }
            ]
          ],
          "private": "eyJzY2hlbWFfdmVyc2lvbiI6IjIifQ==",
          "dependencies": [
            "confluent_api_key.manager-api-key",
            "confluent_environment.terraform",
            "confluent_kafka_cluster.basic",
            "confluent_role_binding.kafka-cluster-admin",
            "confluent_service_account.manager"
          ]
        }
      ]
    },
    {
      "mode": "managed",
      "type": "confluent_role_binding",
      "name": "kafka-cluster-admin",
      "provider": "provider[\"registry.terraform.io/confluentinc/confluent\"]",
      "instances": [
        {
          "schema_version": 0,
          "attributes": {
            "crn_pattern": "crn://confluent.cloud/organization=fcb0ba90-1e7e-44d8-bf9e-753d1b929716/environment=env-ygn1jo/cloud-cluster=lkc-qpzggp",
            "id": "rb-yo5lBz",
            "principal": "User:sa-rwj131",
            "role_name": "CloudClusterAdmin"
          },
          "sensitive_attributes": [],
          "private": "bnVsbA==",
          "dependencies": [
            "confluent_environment.terraform",
            "confluent_kafka_cluster.basic",
            "confluent_service_account.manager"
          ]
        }
      ]
    },
    {
      "mode": "managed",
      "type": "confluent_service_account",
      "name": "emp-consumer",
      "provider": "provider[\"registry.terraform.io/confluentinc/confluent\"]",
      "instances": [
        {
          "schema_version": 0,
          "attributes": {
            "api_version": "iam/v2",
            "description": "Service account to consumer the 'employees' topic",
            "display_name": "employee-consumer",
            "id": "sa-j79gd2",
            "kind": "ServiceAccount"
          },
          "sensitive_attributes": [],
          "private": "bnVsbA=="
        }
      ]
    },
    {
      "mode": "managed",
      "type": "confluent_service_account",
      "name": "emp-producer",
      "provider": "provider[\"registry.terraform.io/confluentinc/confluent\"]",
      "instances": [
        {
          "schema_version": 0,
          "attributes": {
            "api_version": "iam/v2",
            "description": "Service account to produce to 'employees' topic",
            "display_name": "employee_producer",
            "id": "sa-261doq",
            "kind": "ServiceAccount"
          },
          "sensitive_attributes": [],
          "private": "bnVsbA=="
        }
      ]
    },
    {
      "mode": "managed",
      "type": "confluent_service_account",
      "name": "manager",
      "provider": "provider[\"registry.terraform.io/confluentinc/confluent\"]",
      "instances": [
        {
          "schema_version": 0,
          "attributes": {
            "api_version": "iam/v2",
            "description": "Service account to manage the 'Kafka_terraform_cluster' kafka cluster",
            "display_name": "employee_manager",
            "id": "sa-rwj131",
            "kind": "ServiceAccount"
          },
          "sensitive_attributes": [],
          "private": "bnVsbA=="
        }
      ]
    }
  ],
  "check_results": null
}
